Microsoft Visual Studio Solution File, Format Version 12.00
Project("{9A19103F-16F7-4668-BE54-9A1E7A4F7556}") = "this", "this.proj", "{077C0659-261B-479F-A57E-FA947B0B36D9}"
EndProject
Project("{9A19103F-16F7-4668-BE54-9A1E7A4F7556}") = "axosimple.server", "axpansion\server\axosimple.server.csproj", "{F224C123-1153-4ABF-9D44-2DF4EA4EFFD6}"
EndProject
Project("{9A19103F-16F7-4668-BE54-9A1E7A4F7556}") = "axosimple", "axpansion\twin\axosimple.csproj", "{15AE40DE-DC15-43A3-8558-4BD889F9ECCC}"
EndProject
Project("{9A19103F-16F7-4668-BE54-9A1E7A4F7556}") = "ix_ax_axopen_abstractions", "..\..\axopen\src\abstractions\src\AXOpen.Abstractions\ix_ax_axopen_abstractions.csproj", "{86F2BE9C-BD5A-43F7-B098-A1FF607FDF0A}"
EndProject
Project("{9A19103F-16F7-4668-BE54-9A1E7A4F7556}") = "AXOpen.Base.Abstractions", "..\..\axopen\src\base\src\AXOpen.Base.Abstractions\AXOpen.Base.Abstractions.csproj", "{89FD64ED-0B66-42FC-AB77-7E14E5A92375}"
EndProject
Project("{9A19103F-16F7-4668-BE54-9A1E7A4F7556}") = "AXOpen.Logging.Serilog", "..\..\axopen\src\base\src\AXOpen.Logging\AXOpen.Logging.Serilog.csproj", "{43606F8A-07AD-4FC9-A9FD-333FD4C1E4FC}"
EndProject
Project("{9A19103F-16F7-4668-BE54-9A1E7A4F7556}") = "AXOpen.VisualComposer", "..\..\axopen\src\base\src\AXOpen.VisualComposer\AXOpen.VisualComposer.csproj", "{56D46F36-4BF9-45B4-8FE5-FFB227DC310B}"
EndProject
Project("{9A19103F-16F7-4668-BE54-9A1E7A4F7556}") = "ix_ax_axopen_components_abstractions", "..\..\axopen\src\components.abstractions\src\AXOpen.Components.Abstractions\ix_ax_axopen_components_abstractions.csproj", "{F73A1025-6B3D-47A9-9016-2FCE7263B3E9}"
EndProject
Project("{9A19103F-16F7-4668-BE54-9A1E7A4F7556}") = "ix_ax_axopen_components_elements", "..\..\axopen\src\components.elements\src\AXOpen.Components.Elements\ix_ax_axopen_components_elements.csproj", "{B82B481E-085A-4901-B260-3636EE8F00C3}"
EndProject
Project("{9A19103F-16F7-4668-BE54-9A1E7A4F7556}") = "ix_ax_axopen_components_pneumatics", "..\..\axopen\src\components.pneumatics\src\AXOpen.Components.Pneumatics\ix_ax_axopen_components_pneumatics.csproj", "{8B6FDB21-E849-4329-AD09-D4CA27C9EF2E}"
EndProject
Project("{9A19103F-16F7-4668-BE54-9A1E7A4F7556}") = "axopen_core_blazor", "..\..\axopen\src\core\src\AXOpen.Core.Blazor\axopen_core_blazor.csproj", "{E6B45C72-70B2-4957-AF14-6F6387F540BE}"
EndProject
Project("{9A19103F-16F7-4668-BE54-9A1E7A4F7556}") = "ix_ax_axopen_core", "..\..\axopen\src\core\src\AXOpen.Core\ix_ax_axopen_core.csproj", "{25AFBBC0-66BB-4090-9FCB-077C4281BE32}"
EndProject
Project("{9A19103F-16F7-4668-BE54-9A1E7A4F7556}") = "axopen_data_blazor", "..\..\axopen\src\data\src\AXOpen.Data.Blazor\axopen_data_blazor.csproj", "{F06CDDA4-01A0-403B-9AF4-764068B6D8C9}"
EndProject
Project("{9A19103F-16F7-4668-BE54-9A1E7A4F7556}") = "ix_ax_axopen_data", "..\..\axopen\src\data\src\AXOpen.Data\ix_ax_axopen_data.csproj", "{B3D1C616-E843-412D-8575-AECE09C94CD0}"
EndProject
Project("{9A19103F-16F7-4668-BE54-9A1E7A4F7556}") = "AXOpen.Data.Exporters.Excel", "..\..\axopen\src\data\src\exporters\AXOpen.Data.Exporters.Excel\AXOpen.Data.Exporters.Excel.csproj", "{9E57A08E-1FE6-45CE-8AE1-A28467BA516D}"
EndProject
Project("{9A19103F-16F7-4668-BE54-9A1E7A4F7556}") = "AXOpen.Data.Json", "..\..\axopen\src\data\src\repositories\Json\AXOpen.Data.Json.csproj", "{F8A9116D-39A8-4290-9B23-AE0E9C540CE5}"
EndProject
Project("{9A19103F-16F7-4668-BE54-9A1E7A4F7556}") = "AXOpen.Data.MongoDb", "..\..\axopen\src\data\src\repositories\MongoDb\AXOpen.Data.MongoDb.csproj", "{4FE3EAC2-0266-457C-BBBE-E0EB2548FEB3}"
EndProject
Project("{9A19103F-16F7-4668-BE54-9A1E7A4F7556}") = "AxOpen.Inspectors.Blazor", "..\..\axopen\src\inspectors\src\AXOpen.Inspectors.blazor\AxOpen.Inspectors.Blazor.csproj", "{00B66927-7B14-41C5-9684-FA228BF42834}"
EndProject
Project("{9A19103F-16F7-4668-BE54-9A1E7A4F7556}") = "ix_ax_axopen_inspectors", "..\..\axopen\src\inspectors\src\AXOpen.Inspectors\ix_ax_axopen_inspectors.csproj", "{2890B0F8-675F-47F1-A9F2-8EF50B33A86F}"
EndProject
Project("{9A19103F-16F7-4668-BE54-9A1E7A4F7556}") = "ix_ax_ax_sdk", "..\..\axopen\src\sdk-ax\ctrl\ix\ix_ax_ax_sdk.csproj", "{2391FF30-74E6-4DD7-9334-94FB10FCE666}"
EndProject
Project("{9A19103F-16F7-4668-BE54-9A1E7A4F7556}") = "AXOpen.Security.Blazor", "..\..\axopen\src\Security\src\AXOpen.Security.Blazor\AXOpen.Security.Blazor.csproj", "{45F64AAF-7995-411F-B5B0-06E7D05DF38B}"
EndProject
Project("{9A19103F-16F7-4668-BE54-9A1E7A4F7556}") = "AXOpen.Security", "..\..\axopen\src\Security\src\AXOpen.Security\AXOpen.Security.csproj", "{532ACDAE-F994-4DA8-882D-496F3379FE08}"
EndProject
Project("{9A19103F-16F7-4668-BE54-9A1E7A4F7556}") = "ix_ax_axopen_simatic1500", "..\..\axopen\src\simatic1500\ctrl\ix\ix_ax_axopen_simatic1500.csproj", "{C3B24FE6-ACF0-4C8F-8F84-18B72B89CD96}"
EndProject
Project("{9A19103F-16F7-4668-BE54-9A1E7A4F7556}") = "ix_ax_axopen_timers", "..\..\axopen\src\timers\src\AXOpen.Timers\ix_ax_axopen_timers.csproj", "{9BAE6C13-0D22-4F53-89EE-2F30F3A61DEA}"
EndProject
Project("{9A19103F-16F7-4668-BE54-9A1E7A4F7556}") = "AXOpen.ToolBox", "..\..\axopen\src\toolbox\src\AXOpen.ToolBox\AXOpen.ToolBox.csproj", "{00F09B8F-82C6-4963-BFB9-5F89C58F680C}"
EndProject
Project("{2150E333-8FDC-42A3-9474-1A3956D46DE8}") = "server", "axpansion\server", "{223B0A50-E952-4C24-B64B-41B618A29F02}"
EndProject
Project("{2150E333-8FDC-42A3-9474-1A3956D46DE8}") = "twin", "axpansion\twin", "{EFDA9023-3401-40DB-8C6B-F917D50F9BDE}"
EndProject
Project("{2150E333-8FDC-42A3-9474-1A3956D46DE8}") = "axpansion", "axpansion", "{DD3BB42A-BA49-458B-8EF0-5C7394E9E7B2}"
EndProject
Project("{2150E333-8FDC-42A3-9474-1A3956D46DE8}") = "axopen.template.simple", "..\axopen.template.simple", "{11360A08-15C2-4374-9E11-CB92D782723C}"
EndProject
Project("{2150E333-8FDC-42A3-9474-1A3956D46DE8}") = "axopen.templates", "..\..\axopen.templates", "{DF01E2A2-CC80-4CD0-BB31-07C81E3EA56D}"
EndProject
Project("{2150E333-8FDC-42A3-9474-1A3956D46DE8}") = "_axopen", "..\..\..\_axopen", "{76CC2C05-D339-409C-AC46-B403D04D760C}"
EndProject
Project("{2150E333-8FDC-42A3-9474-1A3956D46DE8}") = "ix-ax", "..\..\..\..\ix-ax", "{12B277DA-50DC-43EC-846C-A8D0B5497DFF}"
EndProject
Project("{2150E333-8FDC-42A3-9474-1A3956D46DE8}") = "github", "..\..\..\..\..\github", "{EEB258E1-BF4D-48CD-A26B-EF6B9971AB7B}"
EndProject
Project("{2150E333-8FDC-42A3-9474-1A3956D46DE8}") = "AXOpen.Abstractions", "..\..\axopen\src\abstractions\src\AXOpen.Abstractions", "{8A32022B-1647-4CCA-B348-34EC8F0FE468}"
EndProject
Project("{2150E333-8FDC-42A3-9474-1A3956D46DE8}") = "src", "..\..\axopen\src\abstractions\src", "{6D4BD823-9250-4F3B-AC15-B37DEAF5B82F}"
EndProject
Project("{2150E333-8FDC-42A3-9474-1A3956D46DE8}") = "abstractions", "..\..\axopen\src\abstractions", "{4201D99C-4CE4-45CB-9B23-9F01E5004393}"
EndProject
Project("{2150E333-8FDC-42A3-9474-1A3956D46DE8}") = "AXOpen.Base.Abstractions", "..\..\axopen\src\base\src\AXOpen.Base.Abstractions", "{EA803C0E-D476-4131-A826-25E05526D86D}"
EndProject
Project("{2150E333-8FDC-42A3-9474-1A3956D46DE8}") = "AXOpen.Logging", "..\..\axopen\src\base\src\AXOpen.Logging", "{F35C035E-C8E3-4CB4-B38B-EF30276F77B6}"
EndProject
Project("{2150E333-8FDC-42A3-9474-1A3956D46DE8}") = "AXOpen.VisualComposer", "..\..\axopen\src\base\src\AXOpen.VisualComposer", "{7696F240-E4E4-4F3F-8BA4-9BDA2EF0069A}"
EndProject
Project("{2150E333-8FDC-42A3-9474-1A3956D46DE8}") = "src", "..\..\axopen\src\base\src", "{508B1B40-6217-48F3-AFBA-8683680C19C8}"
EndProject
Project("{2150E333-8FDC-42A3-9474-1A3956D46DE8}") = "base", "..\..\axopen\src\base", "{F0D96484-EB25-42F7-BF9C-20CC87F1B793}"
EndProject
Project("{2150E333-8FDC-42A3-9474-1A3956D46DE8}") = "AXOpen.Components.Abstractions", "..\..\axopen\src\components.abstractions\src\AXOpen.Components.Abstractions", "{915E0F78-F032-4697-B917-1E710148ECE1}"
EndProject
Project("{2150E333-8FDC-42A3-9474-1A3956D46DE8}") = "src", "..\..\axopen\src\components.abstractions\src", "{F2243152-34C3-4EE7-AADE-5FF400116F5E}"
EndProject
Project("{2150E333-8FDC-42A3-9474-1A3956D46DE8}") = "components.abstractions", "..\..\axopen\src\components.abstractions", "{F850853E-8234-491B-B49E-F4422CF997D2}"
EndProject
Project("{2150E333-8FDC-42A3-9474-1A3956D46DE8}") = "AXOpen.Components.Elements", "..\..\axopen\src\components.elements\src\AXOpen.Components.Elements", "{37F2E272-598F-45E8-BEC3-4F50E5106FF7}"
EndProject
Project("{2150E333-8FDC-42A3-9474-1A3956D46DE8}") = "src", "..\..\axopen\src\components.elements\src", "{146D0612-26A7-413A-BE10-36CABD956942}"
EndProject
Project("{2150E333-8FDC-42A3-9474-1A3956D46DE8}") = "components.elements", "..\..\axopen\src\components.elements", "{BD74D7DC-1856-43A0-9893-F702C52F4C7F}"
EndProject
Project("{2150E333-8FDC-42A3-9474-1A3956D46DE8}") = "AXOpen.Components.Pneumatics", "..\..\axopen\src\components.pneumatics\src\AXOpen.Components.Pneumatics", "{6AE29A0A-996B-421D-A670-0A554A39201B}"
EndProject
Project("{2150E333-8FDC-42A3-9474-1A3956D46DE8}") = "src", "..\..\axopen\src\components.pneumatics\src", "{D599586F-AD8F-4901-ABB2-5E4AF2ED23CE}"
EndProject
Project("{2150E333-8FDC-42A3-9474-1A3956D46DE8}") = "components.pneumatics", "..\..\axopen\src\components.pneumatics", "{5716636B-ABE5-4911-9C16-E48080EED632}"
EndProject
Project("{2150E333-8FDC-42A3-9474-1A3956D46DE8}") = "AXOpen.Core.Blazor", "..\..\axopen\src\core\src\AXOpen.Core.Blazor", "{2FDC1F47-10F1-4612-8CB8-C71275F1DF86}"
EndProject
Project("{2150E333-8FDC-42A3-9474-1A3956D46DE8}") = "AXOpen.Core", "..\..\axopen\src\core\src\AXOpen.Core", "{A8887ACF-B7D1-472E-BCBD-E7E5EA254D74}"
EndProject
Project("{2150E333-8FDC-42A3-9474-1A3956D46DE8}") = "src", "..\..\axopen\src\core\src", "{1E2E03CD-3A3C-4A2A-B26D-870B259999C4}"
EndProject
Project("{2150E333-8FDC-42A3-9474-1A3956D46DE8}") = "core", "..\..\axopen\src\core", "{67B54D0B-8FC7-4B7C-871B-B93949CC63BE}"
EndProject
Project("{2150E333-8FDC-42A3-9474-1A3956D46DE8}") = "AXOpen.Data.Blazor", "..\..\axopen\src\data\src\AXOpen.Data.Blazor", "{50C1C7D3-9233-45A0-ACB5-8BF3857A1436}"
EndProject
Project("{2150E333-8FDC-42A3-9474-1A3956D46DE8}") = "AXOpen.Data", "..\..\axopen\src\data\src\AXOpen.Data", "{D7CE7589-EB99-4B8A-8A43-C893D1F1981F}"
EndProject
Project("{2150E333-8FDC-42A3-9474-1A3956D46DE8}") = "AXOpen.Data.Exporters.Excel", "..\..\axopen\src\data\src\exporters\AXOpen.Data.Exporters.Excel", "{94B81914-151E-4462-BB45-30CBD340DC20}"
EndProject
Project("{2150E333-8FDC-42A3-9474-1A3956D46DE8}") = "exporters", "..\..\axopen\src\data\src\exporters", "{0BAA1325-C9AF-47D3-A372-184545B06336}"
EndProject
Project("{2150E333-8FDC-42A3-9474-1A3956D46DE8}") = "Json", "..\..\axopen\src\data\src\repositories\Json", "{19DF40DE-E35C-47A0-A91F-2D4792693174}"
EndProject
Project("{2150E333-8FDC-42A3-9474-1A3956D46DE8}") = "MongoDb", "..\..\axopen\src\data\src\repositories\MongoDb", "{618AEE74-5DEF-4C3F-9ED4-2B1914762B63}"
EndProject
Project("{2150E333-8FDC-42A3-9474-1A3956D46DE8}") = "repositories", "..\..\axopen\src\data\src\repositories", "{4A4A8C69-CAEB-4765-911D-CC55C45C541E}"
EndProject
Project("{2150E333-8FDC-42A3-9474-1A3956D46DE8}") = "src", "..\..\axopen\src\data\src", "{0BCF80C5-D953-4317-B784-A150BF915C5C}"
EndProject
Project("{2150E333-8FDC-42A3-9474-1A3956D46DE8}") = "data", "..\..\axopen\src\data", "{B2161D01-F058-457F-833E-6DFF0DF2E516}"
EndProject
Project("{2150E333-8FDC-42A3-9474-1A3956D46DE8}") = "AXOpen.Inspectors.blazor", "..\..\axopen\src\inspectors\src\AXOpen.Inspectors.blazor", "{655B2128-FD55-40B4-971E-1AFAFC649D77}"
EndProject
Project("{2150E333-8FDC-42A3-9474-1A3956D46DE8}") = "AXOpen.Inspectors", "..\..\axopen\src\inspectors\src\AXOpen.Inspectors", "{37DB211E-D5CF-431A-9B9E-CCCB0E2C68E0}"
EndProject
Project("{2150E333-8FDC-42A3-9474-1A3956D46DE8}") = "src", "..\..\axopen\src\inspectors\src", "{4EC422F5-19B3-4269-A495-2B7CEE9CB2B8}"
EndProject
Project("{2150E333-8FDC-42A3-9474-1A3956D46DE8}") = "inspectors", "..\..\axopen\src\inspectors", "{86DAF836-B4BF-464C-96DA-8E0E8D2446EB}"
EndProject
Project("{2150E333-8FDC-42A3-9474-1A3956D46DE8}") = "ix", "..\..\axopen\src\sdk-ax\ctrl\ix", "{B993EE9F-6171-4060-BAA7-D2EF74664674}"
EndProject
Project("{2150E333-8FDC-42A3-9474-1A3956D46DE8}") = "ctrl", "..\..\axopen\src\sdk-ax\ctrl", "{66E49A2F-490C-4FC1-984C-16F5B0C39ED5}"
EndProject
Project("{2150E333-8FDC-42A3-9474-1A3956D46DE8}") = "sdk-ax", "..\..\axopen\src\sdk-ax", "{E2BB9C2D-EAA0-448B-9F79-B81F9CBB0FD3}"
EndProject
Project("{2150E333-8FDC-42A3-9474-1A3956D46DE8}") = "AXOpen.Security.Blazor", "..\..\axopen\src\Security\src\AXOpen.Security.Blazor", "{27C27C88-08AC-4166-8C6B-FD8BB28A2F9A}"
EndProject
Project("{2150E333-8FDC-42A3-9474-1A3956D46DE8}") = "AXOpen.Security", "..\..\axopen\src\Security\src\AXOpen.Security", "{2CCE8D26-7CB4-408B-B6FC-E958EED0A8B2}"
EndProject
Project("{2150E333-8FDC-42A3-9474-1A3956D46DE8}") = "src", "..\..\axopen\src\Security\src", "{F6089BCE-5BD5-4A82-869B-A92566BA1FE5}"
EndProject
Project("{2150E333-8FDC-42A3-9474-1A3956D46DE8}") = "Security", "..\..\axopen\src\Security", "{6E722732-65EC-4186-828F-A4BA581342EF}"
EndProject
Project("{2150E333-8FDC-42A3-9474-1A3956D46DE8}") = "ix", "..\..\axopen\src\simatic1500\ctrl\ix", "{CBF01591-118D-442D-B0CA-E44ADD128802}"
EndProject
Project("{2150E333-8FDC-42A3-9474-1A3956D46DE8}") = "ctrl", "..\..\axopen\src\simatic1500\ctrl", "{05CDAEF9-137E-4552-9547-7293F62F3BCF}"
EndProject
Project("{2150E333-8FDC-42A3-9474-1A3956D46DE8}") = "simatic1500", "..\..\axopen\src\simatic1500", "{299ED925-7D30-4C45-BCB0-FCD42893A34A}"
EndProject
Project("{2150E333-8FDC-42A3-9474-1A3956D46DE8}") = "AXOpen.Timers", "..\..\axopen\src\timers\src\AXOpen.Timers", "{82AF8F57-4694-4789-9B7A-9B8C6665C03A}"
EndProject
Project("{2150E333-8FDC-42A3-9474-1A3956D46DE8}") = "src", "..\..\axopen\src\timers\src", "{072E8083-6E0F-4485-B916-BFEE3DB5082A}"
EndProject
Project("{2150E333-8FDC-42A3-9474-1A3956D46DE8}") = "timers", "..\..\axopen\src\timers", "{1B62B6C1-641C-4B94-AC30-0ED0D62F22A5}"
EndProject
Project("{2150E333-8FDC-42A3-9474-1A3956D46DE8}") = "AXOpen.ToolBox", "..\..\axopen\src\toolbox\src\AXOpen.ToolBox", "{1E38DF58-24D9-44BF-8FEF-CEBD25B930D3}"
EndProject
Project("{2150E333-8FDC-42A3-9474-1A3956D46DE8}") = "src", "..\..\axopen\src\toolbox\src", "{2D64A322-DB3E-44B5-AD8D-3858361E8639}"
EndProject
Project("{2150E333-8FDC-42A3-9474-1A3956D46DE8}") = "toolbox", "..\..\axopen\src\toolbox", "{D7CA188F-5144-46FB-AD09-6B6351DAAB6B}"
EndProject
Project("{2150E333-8FDC-42A3-9474-1A3956D46DE8}") = "src", "..\..\axopen\src", "{D4F27064-7B19-434B-8FD7-9DDCD7FFE777}"
EndProject
Global
	GlobalSection(SolutionConfigurationPlatforms) = preSolution
		Debug|Any CPU = Debug|Any CPU
		Release|Any CPU = Release|Any CPU
	EndGlobalSection
	GlobalSection(ProjectConfigurationPlatforms) = postSolution
		{077C0659-261B-479F-A57E-FA947B0B36D9}.Debug|Any CPU.ActiveCfg = Debug|Any CPU
		{077C0659-261B-479F-A57E-FA947B0B36D9}.Debug|Any CPU.Build.0 = Debug|Any CPU
		{077C0659-261B-479F-A57E-FA947B0B36D9}.Release|Any CPU.ActiveCfg = Release|Any CPU
		{077C0659-261B-479F-A57E-FA947B0B36D9}.Release|Any CPU.Build.0 = Release|Any CPU
		{F224C123-1153-4ABF-9D44-2DF4EA4EFFD6}.Debug|Any CPU.ActiveCfg = Debug|Any CPU
		{F224C123-1153-4ABF-9D44-2DF4EA4EFFD6}.Debug|Any CPU.Build.0 = Debug|Any CPU
		{F224C123-1153-4ABF-9D44-2DF4EA4EFFD6}.Release|Any CPU.ActiveCfg = Release|Any CPU
		{F224C123-1153-4ABF-9D44-2DF4EA4EFFD6}.Release|Any CPU.Build.0 = Release|Any CPU
		{15AE40DE-DC15-43A3-8558-4BD889F9ECCC}.Debug|Any CPU.ActiveCfg = Debug|Any CPU
		{15AE40DE-DC15-43A3-8558-4BD889F9ECCC}.Debug|Any CPU.Build.0 = Debug|Any CPU
		{15AE40DE-DC15-43A3-8558-4BD889F9ECCC}.Release|Any CPU.ActiveCfg = Release|Any CPU
		{15AE40DE-DC15-43A3-8558-4BD889F9ECCC}.Release|Any CPU.Build.0 = Release|Any CPU
		{86F2BE9C-BD5A-43F7-B098-A1FF607FDF0A}.Debug|Any CPU.ActiveCfg = Debug|Any CPU
		{86F2BE9C-BD5A-43F7-B098-A1FF607FDF0A}.Debug|Any CPU.Build.0 = Debug|Any CPU
		{86F2BE9C-BD5A-43F7-B098-A1FF607FDF0A}.Release|Any CPU.ActiveCfg = Release|Any CPU
		{86F2BE9C-BD5A-43F7-B098-A1FF607FDF0A}.Release|Any CPU.Build.0 = Release|Any CPU
		{89FD64ED-0B66-42FC-AB77-7E14E5A92375}.Debug|Any CPU.ActiveCfg = Debug|Any CPU
		{89FD64ED-0B66-42FC-AB77-7E14E5A92375}.Debug|Any CPU.Build.0 = Debug|Any CPU
		{89FD64ED-0B66-42FC-AB77-7E14E5A92375}.Release|Any CPU.ActiveCfg = Release|Any CPU
		{89FD64ED-0B66-42FC-AB77-7E14E5A92375}.Release|Any CPU.Build.0 = Release|Any CPU
		{43606F8A-07AD-4FC9-A9FD-333FD4C1E4FC}.Debug|Any CPU.ActiveCfg = Debug|Any CPU
		{43606F8A-07AD-4FC9-A9FD-333FD4C1E4FC}.Debug|Any CPU.Build.0 = Debug|Any CPU
		{43606F8A-07AD-4FC9-A9FD-333FD4C1E4FC}.Release|Any CPU.ActiveCfg = Release|Any CPU
		{43606F8A-07AD-4FC9-A9FD-333FD4C1E4FC}.Release|Any CPU.Build.0 = Release|Any CPU
		{56D46F36-4BF9-45B4-8FE5-FFB227DC310B}.Debug|Any CPU.ActiveCfg = Debug|Any CPU
		{56D46F36-4BF9-45B4-8FE5-FFB227DC310B}.Debug|Any CPU.Build.0 = Debug|Any CPU
		{56D46F36-4BF9-45B4-8FE5-FFB227DC310B}.Release|Any CPU.ActiveCfg = Release|Any CPU
		{56D46F36-4BF9-45B4-8FE5-FFB227DC310B}.Release|Any CPU.Build.0 = Release|Any CPU
		{F73A1025-6B3D-47A9-9016-2FCE7263B3E9}.Debug|Any CPU.ActiveCfg = Debug|Any CPU
		{F73A1025-6B3D-47A9-9016-2FCE7263B3E9}.Debug|Any CPU.Build.0 = Debug|Any CPU
		{F73A1025-6B3D-47A9-9016-2FCE7263B3E9}.Release|Any CPU.ActiveCfg = Release|Any CPU
		{F73A1025-6B3D-47A9-9016-2FCE7263B3E9}.Release|Any CPU.Build.0 = Release|Any CPU
		{B82B481E-085A-4901-B260-3636EE8F00C3}.Debug|Any CPU.ActiveCfg = Debug|Any CPU
		{B82B481E-085A-4901-B260-3636EE8F00C3}.Debug|Any CPU.Build.0 = Debug|Any CPU
		{B82B481E-085A-4901-B260-3636EE8F00C3}.Release|Any CPU.ActiveCfg = Release|Any CPU
		{B82B481E-085A-4901-B260-3636EE8F00C3}.Release|Any CPU.Build.0 = Release|Any CPU
		{8B6FDB21-E849-4329-AD09-D4CA27C9EF2E}.Debug|Any CPU.ActiveCfg = Debug|Any CPU
		{8B6FDB21-E849-4329-AD09-D4CA27C9EF2E}.Debug|Any CPU.Build.0 = Debug|Any CPU
		{8B6FDB21-E849-4329-AD09-D4CA27C9EF2E}.Release|Any CPU.ActiveCfg = Release|Any CPU
		{8B6FDB21-E849-4329-AD09-D4CA27C9EF2E}.Release|Any CPU.Build.0 = Release|Any CPU
		{E6B45C72-70B2-4957-AF14-6F6387F540BE}.Debug|Any CPU.ActiveCfg = Debug|Any CPU
		{E6B45C72-70B2-4957-AF14-6F6387F540BE}.Debug|Any CPU.Build.0 = Debug|Any CPU
		{E6B45C72-70B2-4957-AF14-6F6387F540BE}.Release|Any CPU.ActiveCfg = Release|Any CPU
		{E6B45C72-70B2-4957-AF14-6F6387F540BE}.Release|Any CPU.Build.0 = Release|Any CPU
		{25AFBBC0-66BB-4090-9FCB-077C4281BE32}.Debug|Any CPU.ActiveCfg = Debug|Any CPU
		{25AFBBC0-66BB-4090-9FCB-077C4281BE32}.Debug|Any CPU.Build.0 = Debug|Any CPU
		{25AFBBC0-66BB-4090-9FCB-077C4281BE32}.Release|Any CPU.ActiveCfg = Release|Any CPU
		{25AFBBC0-66BB-4090-9FCB-077C4281BE32}.Release|Any CPU.Build.0 = Release|Any CPU
		{F06CDDA4-01A0-403B-9AF4-764068B6D8C9}.Debug|Any CPU.ActiveCfg = Debug|Any CPU
		{F06CDDA4-01A0-403B-9AF4-764068B6D8C9}.Debug|Any CPU.Build.0 = Debug|Any CPU
		{F06CDDA4-01A0-403B-9AF4-764068B6D8C9}.Release|Any CPU.ActiveCfg = Release|Any CPU
		{F06CDDA4-01A0-403B-9AF4-764068B6D8C9}.Release|Any CPU.Build.0 = Release|Any CPU
		{B3D1C616-E843-412D-8575-AECE09C94CD0}.Debug|Any CPU.ActiveCfg = Debug|Any CPU
		{B3D1C616-E843-412D-8575-AECE09C94CD0}.Debug|Any CPU.Build.0 = Debug|Any CPU
		{B3D1C616-E843-412D-8575-AECE09C94CD0}.Release|Any CPU.ActiveCfg = Release|Any CPU
		{B3D1C616-E843-412D-8575-AECE09C94CD0}.Release|Any CPU.Build.0 = Release|Any CPU
		{9E57A08E-1FE6-45CE-8AE1-A28467BA516D}.Debug|Any CPU.ActiveCfg = Debug|Any CPU
		{9E57A08E-1FE6-45CE-8AE1-A28467BA516D}.Debug|Any CPU.Build.0 = Debug|Any CPU
		{9E57A08E-1FE6-45CE-8AE1-A28467BA516D}.Release|Any CPU.ActiveCfg = Release|Any CPU
		{9E57A08E-1FE6-45CE-8AE1-A28467BA516D}.Release|Any CPU.Build.0 = Release|Any CPU
		{F8A9116D-39A8-4290-9B23-AE0E9C540CE5}.Debug|Any CPU.ActiveCfg = Debug|Any CPU
		{F8A9116D-39A8-4290-9B23-AE0E9C540CE5}.Debug|Any CPU.Build.0 = Debug|Any CPU
		{F8A9116D-39A8-4290-9B23-AE0E9C540CE5}.Release|Any CPU.ActiveCfg = Release|Any CPU
		{F8A9116D-39A8-4290-9B23-AE0E9C540CE5}.Release|Any CPU.Build.0 = Release|Any CPU
		{4FE3EAC2-0266-457C-BBBE-E0EB2548FEB3}.Debug|Any CPU.ActiveCfg = Debug|Any CPU
		{4FE3EAC2-0266-457C-BBBE-E0EB2548FEB3}.Debug|Any CPU.Build.0 = Debug|Any CPU
		{4FE3EAC2-0266-457C-BBBE-E0EB2548FEB3}.Release|Any CPU.ActiveCfg = Release|Any CPU
		{4FE3EAC2-0266-457C-BBBE-E0EB2548FEB3}.Release|Any CPU.Build.0 = Release|Any CPU
		{00B66927-7B14-41C5-9684-FA228BF42834}.Debug|Any CPU.ActiveCfg = Debug|Any CPU
		{00B66927-7B14-41C5-9684-FA228BF42834}.Debug|Any CPU.Build.0 = Debug|Any CPU
		{00B66927-7B14-41C5-9684-FA228BF42834}.Release|Any CPU.ActiveCfg = Release|Any CPU
		{00B66927-7B14-41C5-9684-FA228BF42834}.Release|Any CPU.Build.0 = Release|Any CPU
		{2890B0F8-675F-47F1-A9F2-8EF50B33A86F}.Debug|Any CPU.ActiveCfg = Debug|Any CPU
		{2890B0F8-675F-47F1-A9F2-8EF50B33A86F}.Debug|Any CPU.Build.0 = Debug|Any CPU
		{2890B0F8-675F-47F1-A9F2-8EF50B33A86F}.Release|Any CPU.ActiveCfg = Release|Any CPU
		{2890B0F8-675F-47F1-A9F2-8EF50B33A86F}.Release|Any CPU.Build.0 = Release|Any CPU
		{2391FF30-74E6-4DD7-9334-94FB10FCE666}.Debug|Any CPU.ActiveCfg = Debug|Any CPU
		{2391FF30-74E6-4DD7-9334-94FB10FCE666}.Debug|Any CPU.Build.0 = Debug|Any CPU
		{2391FF30-74E6-4DD7-9334-94FB10FCE666}.Release|Any CPU.ActiveCfg = Release|Any CPU
		{2391FF30-74E6-4DD7-9334-94FB10FCE666}.Release|Any CPU.Build.0 = Release|Any CPU
		{45F64AAF-7995-411F-B5B0-06E7D05DF38B}.Debug|Any CPU.ActiveCfg = Debug|Any CPU
		{45F64AAF-7995-411F-B5B0-06E7D05DF38B}.Debug|Any CPU.Build.0 = Debug|Any CPU
		{45F64AAF-7995-411F-B5B0-06E7D05DF38B}.Release|Any CPU.ActiveCfg = Release|Any CPU
		{45F64AAF-7995-411F-B5B0-06E7D05DF38B}.Release|Any CPU.Build.0 = Release|Any CPU
		{532ACDAE-F994-4DA8-882D-496F3379FE08}.Debug|Any CPU.ActiveCfg = Debug|Any CPU
		{532ACDAE-F994-4DA8-882D-496F3379FE08}.Debug|Any CPU.Build.0 = Debug|Any CPU
		{532ACDAE-F994-4DA8-882D-496F3379FE08}.Release|Any CPU.ActiveCfg = Release|Any CPU
		{532ACDAE-F994-4DA8-882D-496F3379FE08}.Release|Any CPU.Build.0 = Release|Any CPU
		{C3B24FE6-ACF0-4C8F-8F84-18B72B89CD96}.Debug|Any CPU.ActiveCfg = Debug|Any CPU
		{C3B24FE6-ACF0-4C8F-8F84-18B72B89CD96}.Debug|Any CPU.Build.0 = Debug|Any CPU
		{C3B24FE6-ACF0-4C8F-8F84-18B72B89CD96}.Release|Any CPU.ActiveCfg = Release|Any CPU
		{C3B24FE6-ACF0-4C8F-8F84-18B72B89CD96}.Release|Any CPU.Build.0 = Release|Any CPU
		{9BAE6C13-0D22-4F53-89EE-2F30F3A61DEA}.Debug|Any CPU.ActiveCfg = Debug|Any CPU
		{9BAE6C13-0D22-4F53-89EE-2F30F3A61DEA}.Debug|Any CPU.Build.0 = Debug|Any CPU
		{9BAE6C13-0D22-4F53-89EE-2F30F3A61DEA}.Release|Any CPU.ActiveCfg = Release|Any CPU
		{9BAE6C13-0D22-4F53-89EE-2F30F3A61DEA}.Release|Any CPU.Build.0 = Release|Any CPU
		{00F09B8F-82C6-4963-BFB9-5F89C58F680C}.Debug|Any CPU.ActiveCfg = Debug|Any CPU
		{00F09B8F-82C6-4963-BFB9-5F89C58F680C}.Debug|Any CPU.Build.0 = Debug|Any CPU
		{00F09B8F-82C6-4963-BFB9-5F89C58F680C}.Release|Any CPU.ActiveCfg = Release|Any CPU
		{00F09B8F-82C6-4963-BFB9-5F89C58F680C}.Release|Any CPU.Build.0 = Release|Any CPU
	EndGlobalSection
	GlobalSection(SolutionProperties) = preSolution
		HideSolutionNode = FALSE
	EndGlobalSection
	GlobalSection(NestedProjects) = preSolution
		{F224C123-1153-4ABF-9D44-2DF4EA4EFFD6} = {223B0A50-E952-4C24-B64B-41B618A29F02}
		{223B0A50-E952-4C24-B64B-41B618A29F02} = {DD3BB42A-BA49-458B-8EF0-5C7394E9E7B2}
		{15AE40DE-DC15-43A3-8558-4BD889F9ECCC} = {EFDA9023-3401-40DB-8C6B-F917D50F9BDE}
		{EFDA9023-3401-40DB-8C6B-F917D50F9BDE} = {DD3BB42A-BA49-458B-8EF0-5C7394E9E7B2}
		{DD3BB42A-BA49-458B-8EF0-5C7394E9E7B2} = {11360A08-15C2-4374-9E11-CB92D782723C}
		{11360A08-15C2-4374-9E11-CB92D782723C} = {DF01E2A2-CC80-4CD0-BB31-07C81E3EA56D}
		{DF01E2A2-CC80-4CD0-BB31-07C81E3EA56D} = {76CC2C05-D339-409C-AC46-B403D04D760C}
		{76CC2C05-D339-409C-AC46-B403D04D760C} = {12B277DA-50DC-43EC-846C-A8D0B5497DFF}
		{12B277DA-50DC-43EC-846C-A8D0B5497DFF} = {EEB258E1-BF4D-48CD-A26B-EF6B9971AB7B}
		{EEB258E1-BF4D-48CD-A26B-EF6B9971AB7B} = {807CE4BA-348F-4BC0-93A9-89FB5AF90C0A}
		{86F2BE9C-BD5A-43F7-B098-A1FF607FDF0A} = {8A32022B-1647-4CCA-B348-34EC8F0FE468}
		{8A32022B-1647-4CCA-B348-34EC8F0FE468} = {6D4BD823-9250-4F3B-AC15-B37DEAF5B82F}
		{6D4BD823-9250-4F3B-AC15-B37DEAF5B82F} = {4201D99C-4CE4-45CB-9B23-9F01E5004393}
		{4201D99C-4CE4-45CB-9B23-9F01E5004393} = {D4F27064-7B19-434B-8FD7-9DDCD7FFE777}
		{89FD64ED-0B66-42FC-AB77-7E14E5A92375} = {EA803C0E-D476-4131-A826-25E05526D86D}
		{EA803C0E-D476-4131-A826-25E05526D86D} = {508B1B40-6217-48F3-AFBA-8683680C19C8}
		{43606F8A-07AD-4FC9-A9FD-333FD4C1E4FC} = {F35C035E-C8E3-4CB4-B38B-EF30276F77B6}
		{F35C035E-C8E3-4CB4-B38B-EF30276F77B6} = {508B1B40-6217-48F3-AFBA-8683680C19C8}
		{56D46F36-4BF9-45B4-8FE5-FFB227DC310B} = {7696F240-E4E4-4F3F-8BA4-9BDA2EF0069A}
		{7696F240-E4E4-4F3F-8BA4-9BDA2EF0069A} = {508B1B40-6217-48F3-AFBA-8683680C19C8}
		{508B1B40-6217-48F3-AFBA-8683680C19C8} = {F0D96484-EB25-42F7-BF9C-20CC87F1B793}
		{F0D96484-EB25-42F7-BF9C-20CC87F1B793} = {D4F27064-7B19-434B-8FD7-9DDCD7FFE777}
		{F73A1025-6B3D-47A9-9016-2FCE7263B3E9} = {915E0F78-F032-4697-B917-1E710148ECE1}
		{915E0F78-F032-4697-B917-1E710148ECE1} = {F2243152-34C3-4EE7-AADE-5FF400116F5E}
		{F2243152-34C3-4EE7-AADE-5FF400116F5E} = {F850853E-8234-491B-B49E-F4422CF997D2}
		{F850853E-8234-491B-B49E-F4422CF997D2} = {D4F27064-7B19-434B-8FD7-9DDCD7FFE777}
		{B82B481E-085A-4901-B260-3636EE8F00C3} = {37F2E272-598F-45E8-BEC3-4F50E5106FF7}
		{37F2E272-598F-45E8-BEC3-4F50E5106FF7} = {146D0612-26A7-413A-BE10-36CABD956942}
		{146D0612-26A7-413A-BE10-36CABD956942} = {BD74D7DC-1856-43A0-9893-F702C52F4C7F}
		{BD74D7DC-1856-43A0-9893-F702C52F4C7F} = {D4F27064-7B19-434B-8FD7-9DDCD7FFE777}
		{8B6FDB21-E849-4329-AD09-D4CA27C9EF2E} = {6AE29A0A-996B-421D-A670-0A554A39201B}
		{6AE29A0A-996B-421D-A670-0A554A39201B} = {D599586F-AD8F-4901-ABB2-5E4AF2ED23CE}
		{D599586F-AD8F-4901-ABB2-5E4AF2ED23CE} = {5716636B-ABE5-4911-9C16-E48080EED632}
		{5716636B-ABE5-4911-9C16-E48080EED632} = {D4F27064-7B19-434B-8FD7-9DDCD7FFE777}
		{E6B45C72-70B2-4957-AF14-6F6387F540BE} = {2FDC1F47-10F1-4612-8CB8-C71275F1DF86}
		{2FDC1F47-10F1-4612-8CB8-C71275F1DF86} = {1E2E03CD-3A3C-4A2A-B26D-870B259999C4}
		{25AFBBC0-66BB-4090-9FCB-077C4281BE32} = {A8887ACF-B7D1-472E-BCBD-E7E5EA254D74}
		{A8887ACF-B7D1-472E-BCBD-E7E5EA254D74} = {1E2E03CD-3A3C-4A2A-B26D-870B259999C4}
		{1E2E03CD-3A3C-4A2A-B26D-870B259999C4} = {67B54D0B-8FC7-4B7C-871B-B93949CC63BE}
		{67B54D0B-8FC7-4B7C-871B-B93949CC63BE} = {D4F27064-7B19-434B-8FD7-9DDCD7FFE777}
		{F06CDDA4-01A0-403B-9AF4-764068B6D8C9} = {50C1C7D3-9233-45A0-ACB5-8BF3857A1436}
		{50C1C7D3-9233-45A0-ACB5-8BF3857A1436} = {0BCF80C5-D953-4317-B784-A150BF915C5C}
		{B3D1C616-E843-412D-8575-AECE09C94CD0} = {D7CE7589-EB99-4B8A-8A43-C893D1F1981F}
		{D7CE7589-EB99-4B8A-8A43-C893D1F1981F} = {0BCF80C5-D953-4317-B784-A150BF915C5C}
		{9E57A08E-1FE6-45CE-8AE1-A28467BA516D} = {94B81914-151E-4462-BB45-30CBD340DC20}
		{94B81914-151E-4462-BB45-30CBD340DC20} = {0BAA1325-C9AF-47D3-A372-184545B06336}
		{0BAA1325-C9AF-47D3-A372-184545B06336} = {0BCF80C5-D953-4317-B784-A150BF915C5C}
		{F8A9116D-39A8-4290-9B23-AE0E9C540CE5} = {19DF40DE-E35C-47A0-A91F-2D4792693174}
		{19DF40DE-E35C-47A0-A91F-2D4792693174} = {4A4A8C69-CAEB-4765-911D-CC55C45C541E}
		{4FE3EAC2-0266-457C-BBBE-E0EB2548FEB3} = {618AEE74-5DEF-4C3F-9ED4-2B1914762B63}
		{618AEE74-5DEF-4C3F-9ED4-2B1914762B63} = {4A4A8C69-CAEB-4765-911D-CC55C45C541E}
		{4A4A8C69-CAEB-4765-911D-CC55C45C541E} = {0BCF80C5-D953-4317-B784-A150BF915C5C}
		{0BCF80C5-D953-4317-B784-A150BF915C5C} = {B2161D01-F058-457F-833E-6DFF0DF2E516}
		{B2161D01-F058-457F-833E-6DFF0DF2E516} = {D4F27064-7B19-434B-8FD7-9DDCD7FFE777}
		{00B66927-7B14-41C5-9684-FA228BF42834} = {655B2128-FD55-40B4-971E-1AFAFC649D77}
		{655B2128-FD55-40B4-971E-1AFAFC649D77} = {4EC422F5-19B3-4269-A495-2B7CEE9CB2B8}
		{2890B0F8-675F-47F1-A9F2-8EF50B33A86F} = {37DB211E-D5CF-431A-9B9E-CCCB0E2C68E0}
		{37DB211E-D5CF-431A-9B9E-CCCB0E2C68E0} = {4EC422F5-19B3-4269-A495-2B7CEE9CB2B8}
		{4EC422F5-19B3-4269-A495-2B7CEE9CB2B8} = {86DAF836-B4BF-464C-96DA-8E0E8D2446EB}
		{86DAF836-B4BF-464C-96DA-8E0E8D2446EB} = {D4F27064-7B19-434B-8FD7-9DDCD7FFE777}
		{2391FF30-74E6-4DD7-9334-94FB10FCE666} = {B993EE9F-6171-4060-BAA7-D2EF74664674}
		{B993EE9F-6171-4060-BAA7-D2EF74664674} = {66E49A2F-490C-4FC1-984C-16F5B0C39ED5}
		{66E49A2F-490C-4FC1-984C-16F5B0C39ED5} = {E2BB9C2D-EAA0-448B-9F79-B81F9CBB0FD3}
		{E2BB9C2D-EAA0-448B-9F79-B81F9CBB0FD3} = {D4F27064-7B19-434B-8FD7-9DDCD7FFE777}
		{45F64AAF-7995-411F-B5B0-06E7D05DF38B} = {27C27C88-08AC-4166-8C6B-FD8BB28A2F9A}
		{27C27C88-08AC-4166-8C6B-FD8BB28A2F9A} = {F6089BCE-5BD5-4A82-869B-A92566BA1FE5}
		{532ACDAE-F994-4DA8-882D-496F3379FE08} = {2CCE8D26-7CB4-408B-B6FC-E958EED0A8B2}
		{2CCE8D26-7CB4-408B-B6FC-E958EED0A8B2} = {F6089BCE-5BD5-4A82-869B-A92566BA1FE5}
		{F6089BCE-5BD5-4A82-869B-A92566BA1FE5} = {6E722732-65EC-4186-828F-A4BA581342EF}
		{6E722732-65EC-4186-828F-A4BA581342EF} = {D4F27064-7B19-434B-8FD7-9DDCD7FFE777}
		{C3B24FE6-ACF0-4C8F-8F84-18B72B89CD96} = {CBF01591-118D-442D-B0CA-E44ADD128802}
		{CBF01591-118D-442D-B0CA-E44ADD128802} = {05CDAEF9-137E-4552-9547-7293F62F3BCF}
		{05CDAEF9-137E-4552-9547-7293F62F3BCF} = {299ED925-7D30-4C45-BCB0-FCD42893A34A}
		{299ED925-7D30-4C45-BCB0-FCD42893A34A} = {D4F27064-7B19-434B-8FD7-9DDCD7FFE777}
		{9BAE6C13-0D22-4F53-89EE-2F30F3A61DEA} = {82AF8F57-4694-4789-9B7A-9B8C6665C03A}
		{82AF8F57-4694-4789-9B7A-9B8C6665C03A} = {072E8083-6E0F-4485-B916-BFEE3DB5082A}
		{072E8083-6E0F-4485-B916-BFEE3DB5082A} = {1B62B6C1-641C-4B94-AC30-0ED0D62F22A5}
		{1B62B6C1-641C-4B94-AC30-0ED0D62F22A5} = {D4F27064-7B19-434B-8FD7-9DDCD7FFE777}
		{00F09B8F-82C6-4963-BFB9-5F89C58F680C} = {1E38DF58-24D9-44BF-8FEF-CEBD25B930D3}
		{1E38DF58-24D9-44BF-8FEF-CEBD25B930D3} = {2D64A322-DB3E-44B5-AD8D-3858361E8639}
		{2D64A322-DB3E-44B5-AD8D-3858361E8639} = {D7CA188F-5144-46FB-AD09-6B6351DAAB6B}
		{D7CA188F-5144-46FB-AD09-6B6351DAAB6B} = {D4F27064-7B19-434B-8FD7-9DDCD7FFE777}
	EndGlobalSection
	GlobalSection(ExtensibilityGlobals) = postSolution
		SolutionGuid = {4B48DEDD-6184-4498-8FB7-CE689ED92A80}
	EndGlobalSection
EndGlobal
